// !$*UTF8*$!
{
	archiveVersion = 1;
	classes = {
	};
	objectVersion = 50;
	objects = {

/* Begin PBXBuildFile section */
		C71C888C2492153800BAE73F /* User.swift in Sources */ = {isa = PBXBuildFile; fileRef = C71C888B2492153800BAE73F /* User.swift */; };
		C72AE92524911C34009D6885 /* ChallengeModel.swift in Sources */ = {isa = PBXBuildFile; fileRef = C72AE92424911C34009D6885 /* ChallengeModel.swift */; };
		C72AE92724911DBF009D6885 /* Challenge.swift in Sources */ = {isa = PBXBuildFile; fileRef = C72AE92624911DBF009D6885 /* Challenge.swift */; };
		C72AE92924911DDA009D6885 /* Chord.swift in Sources */ = {isa = PBXBuildFile; fileRef = C72AE92824911DDA009D6885 /* Chord.swift */; };
		C72AE92B24912523009D6885 /* ChallengesController.swift in Sources */ = {isa = PBXBuildFile; fileRef = C72AE92A24912523009D6885 /* ChallengesController.swift */; };
		C72AE92E249126CD009D6885 /* ChallengeCollectionViewCell.swift in Sources */ = {isa = PBXBuildFile; fileRef = C72AE92D249126CD009D6885 /* ChallengeCollectionViewCell.swift */; };
		C761F7BA248F7CBC00F7BA46 /* AppDelegate.swift in Sources */ = {isa = PBXBuildFile; fileRef = C761F7B9248F7CBC00F7BA46 /* AppDelegate.swift */; };
		C761F7BC248F7CBC00F7BA46 /* SceneDelegate.swift in Sources */ = {isa = PBXBuildFile; fileRef = C761F7BB248F7CBC00F7BA46 /* SceneDelegate.swift */; };
		C761F7BE248F7CBC00F7BA46 /* LoginController.swift in Sources */ = {isa = PBXBuildFile; fileRef = C761F7BD248F7CBC00F7BA46 /* LoginController.swift */; };
		C761F7C1248F7CBC00F7BA46 /* Main.storyboard in Resources */ = {isa = PBXBuildFile; fileRef = C761F7BF248F7CBC00F7BA46 /* Main.storyboard */; };
		C761F7C3248F7CBE00F7BA46 /* Assets.xcassets in Resources */ = {isa = PBXBuildFile; fileRef = C761F7C2248F7CBE00F7BA46 /* Assets.xcassets */; };
		C761F7C6248F7CBE00F7BA46 /* LaunchScreen.storyboard in Resources */ = {isa = PBXBuildFile; fileRef = C761F7C4248F7CBE00F7BA46 /* LaunchScreen.storyboard */; };
/* End PBXBuildFile section */

/* Begin PBXFileReference section */
		C71C888B2492153800BAE73F /* User.swift */ = {isa = PBXFileReference; lastKnownFileType = sourcecode.swift; path = User.swift; sourceTree = "<group>"; };
		C72AE92424911C34009D6885 /* ChallengeModel.swift */ = {isa = PBXFileReference; lastKnownFileType = sourcecode.swift; path = ChallengeModel.swift; sourceTree = "<group>"; };
		C72AE92624911DBF009D6885 /* Challenge.swift */ = {isa = PBXFileReference; lastKnownFileType = sourcecode.swift; path = Challenge.swift; sourceTree = "<group>"; };
		C72AE92824911DDA009D6885 /* Chord.swift */ = {isa = PBXFileReference; lastKnownFileType = sourcecode.swift; path = Chord.swift; sourceTree = "<group>"; };
		C72AE92A24912523009D6885 /* ChallengesController.swift */ = {isa = PBXFileReference; lastKnownFileType = sourcecode.swift; path = ChallengesController.swift; sourceTree = "<group>"; };
		C72AE92D249126CD009D6885 /* ChallengeCollectionViewCell.swift */ = {isa = PBXFileReference; lastKnownFileType = sourcecode.swift; path = ChallengeCollectionViewCell.swift; sourceTree = "<group>"; };
		C761F7B6248F7CBC00F7BA46 /* Guitar Legend.app */ = {isa = PBXFileReference; explicitFileType = wrapper.application; includeInIndex = 0; path = "Guitar Legend.app"; sourceTree = BUILT_PRODUCTS_DIR; };
		C761F7B9248F7CBC00F7BA46 /* AppDelegate.swift */ = {isa = PBXFileReference; lastKnownFileType = sourcecode.swift; path = AppDelegate.swift; sourceTree = "<group>"; };
		C761F7BB248F7CBC00F7BA46 /* SceneDelegate.swift */ = {isa = PBXFileReference; lastKnownFileType = sourcecode.swift; path = SceneDelegate.swift; sourceTree = "<group>"; };
		C761F7BD248F7CBC00F7BA46 /* LoginController.swift */ = {isa = PBXFileReference; lastKnownFileType = sourcecode.swift; path = LoginController.swift; sourceTree = "<group>"; };
		C761F7C0248F7CBC00F7BA46 /* Base */ = {isa = PBXFileReference; lastKnownFileType = file.storyboard; name = Base; path = Base.lproj/Main.storyboard; sourceTree = "<group>"; };
		C761F7C2248F7CBE00F7BA46 /* Assets.xcassets */ = {isa = PBXFileReference; lastKnownFileType = folder.assetcatalog; path = Assets.xcassets; sourceTree = "<group>"; };
		C761F7C5248F7CBE00F7BA46 /* Base */ = {isa = PBXFileReference; lastKnownFileType = file.storyboard; name = Base; path = Base.lproj/LaunchScreen.storyboard; sourceTree = "<group>"; };
		C761F7C7248F7CBE00F7BA46 /* Info.plist */ = {isa = PBXFileReference; lastKnownFileType = text.plist.xml; path = Info.plist; sourceTree = "<group>"; };
/* End PBXFileReference section */

/* Begin PBXFrameworksBuildPhase section */
		C761F7B3248F7CBC00F7BA46 /* Frameworks */ = {
			isa = PBXFrameworksBuildPhase;
			buildActionMask = 2147483647;
			files = (
			);
			runOnlyForDeploymentPostprocessing = 0;
		};
/* End PBXFrameworksBuildPhase section */

/* Begin PBXGroup section */
		C761F7AD248F7CBC00F7BA46 = {
			isa = PBXGroup;
			children = (
				C761F7B8248F7CBC00F7BA46 /* Guitar Legend */,
				C761F7B7248F7CBC00F7BA46 /* Products */,
			);
			sourceTree = "<group>";
		};
		C761F7B7248F7CBC00F7BA46 /* Products */ = {
			isa = PBXGroup;
			children = (
				C761F7B6248F7CBC00F7BA46 /* Guitar Legend.app */,
			);
			name = Products;
			sourceTree = "<group>";
		};
		C761F7B8248F7CBC00F7BA46 /* Guitar Legend */ = {
			isa = PBXGroup;
			children = (
				C761F7B9248F7CBC00F7BA46 /* AppDelegate.swift */,
				C761F7BB248F7CBC00F7BA46 /* SceneDelegate.swift */,
				C761F7BD248F7CBC00F7BA46 /* LoginController.swift */,
				C72AE92A24912523009D6885 /* ChallengesController.swift */,
				C72AE92424911C34009D6885 /* ChallengeModel.swift */,
				C72AE92D249126CD009D6885 /* ChallengeCollectionViewCell.swift */,
				C71C888B2492153800BAE73F /* User.swift */,
				C72AE92624911DBF009D6885 /* Challenge.swift */,
				C72AE92824911DDA009D6885 /* Chord.swift */,
				C761F7BF248F7CBC00F7BA46 /* Main.storyboard */,
				C761F7C2248F7CBE00F7BA46 /* Assets.xcassets */,
				C761F7C4248F7CBE00F7BA46 /* LaunchScreen.storyboard */,
				C761F7C7248F7CBE00F7BA46 /* Info.plist */,
			);
			path = "Guitar Legend";
			sourceTree = "<group>";
		};
/* End PBXGroup section */

/* Begin PBXNativeTarget section */
		C761F7B5248F7CBC00F7BA46 /* Guitar Legend */ = {
			isa = PBXNativeTarget;
			buildConfigurationList = C761F7CA248F7CBE00F7BA46 /* Build configuration list for PBXNativeTarget "Guitar Legend" */;
			buildPhases = (
				C761F7B2248F7CBC00F7BA46 /* Sources */,
				C761F7B3248F7CBC00F7BA46 /* Frameworks */,
				C761F7B4248F7CBC00F7BA46 /* Resources */,
			);
			buildRules = (
			);
			dependencies = (
			);
			name = "Guitar Legend";
			productName = "Guitar Legend";
			productReference = C761F7B6248F7CBC00F7BA46 /* Guitar Legend.app */;
			productType = "com.apple.product-type.application";
		};
/* End PBXNativeTarget section */

/* Begin PBXProject section */
		C761F7AE248F7CBC00F7BA46 /* Project object */ = {
			isa = PBXProject;
			attributes = {
				LastSwiftUpdateCheck = 1130;
				LastUpgradeCheck = 1130;
				ORGANIZATIONNAME = "Sarel Micha";
				TargetAttributes = {
					C761F7B5248F7CBC00F7BA46 = {
						CreatedOnToolsVersion = 11.3.1;
					};
				};
			};
			buildConfigurationList = C761F7B1248F7CBC00F7BA46 /* Build configuration list for PBXProject "Guitar Legend" */;
			compatibilityVersion = "Xcode 9.3";
			developmentRegion = en;
			hasScannedForEncodings = 0;
			knownRegions = (
				en,
				Base,
			);
			mainGroup = C761F7AD248F7CBC00F7BA46;
			productRefGroup = C761F7B7248F7CBC00F7BA46 /* Products */;
			projectDirPath = "";
			projectRoot = "";
			targets = (
				C761F7B5248F7CBC00F7BA46 /* Guitar Legend */,
			);
		};
/* End PBXProject section */

/* Begin PBXResourcesBuildPhase section */
		C761F7B4248F7CBC00F7BA46 /* Resources */ = {
			isa = PBXResourcesBuildPhase;
			buildActionMask = 2147483647;
			files = (
				C761F7C6248F7CBE00F7BA46 /* LaunchScreen.storyboard in Resources */,
				C761F7C3248F7CBE00F7BA46 /* Assets.xcassets in Resources */,
				C761F7C1248F7CBC00F7BA46 /* Main.storyboard in Resources */,
			);
			runOnlyForDeploymentPostprocessing = 0;
		};
/* End PBXResourcesBuildPhase section */

/* Begin PBXSourcesBuildPhase section */
		C761F7B2248F7CBC00F7BA46 /* Sources */ = {
			isa = PBXSourcesBuildPhase;
			buildActionMask = 2147483647;
			files = (
				C72AE92924911DDA009D6885 /* Chord.swift in Sources */,
				C761F7BE248F7CBC00F7BA46 /* LoginController.swift in Sources */,
				C72AE92E249126CD009D6885 /* ChallengeCollectionViewCell.swift in Sources */,
				C72AE92B24912523009D6885 /* ChallengesController.swift in Sources */,
				C761F7BA248F7CBC00F7BA46 /* AppDelegate.swift in Sources */,
				C71C888C2492153800BAE73F /* User.swift in Sources */,
				C761F7BC248F7CBC00F7BA46 /* SceneDelegate.swift in Sources */,
				C72AE92524911C34009D6885 /* ChallengeModel.swift in Sources */,
				C72AE92724911DBF009D6885 /* Challenge.swift in Sources */,
			);
			runOnlyForDeploymentPostprocessing = 0;
		};
/* End PBXSourcesBuildPhase section */

/* Begin PBXVariantGroup section */
		C761F7BF248F7CBC00F7BA46 /* Main.storyboard */ = {
			isa = PBXVariantGroup;
			children = (
				C761F7C0248F7CBC00F7BA46 /* Base */,
			);
			name = Main.storyboard;
			sourceTree = "<group>";
		};
		C761F7C4248F7CBE00F7BA46 /* LaunchScreen.storyboard */ = {
			isa = PBXVariantGroup;
			children = (
				C761F7C5248F7CBE00F7BA46 /* Base */,
			);
			name = LaunchScreen.storyboard;
			sourceTree = "<group>";
		};
/* End PBXVariantGroup section */

/* Begin XCBuildConfiguration section */
		C761F7C8248F7CBE00F7BA46 /* Debug */ = {
			isa = XCBuildConfiguration;
			buildSettings = {
				ALWAYS_SEARCH_USER_PATHS = NO;
				CLANG_ANALYZER_NONNULL = YES;
				CLANG_ANALYZER_NUMBER_OBJECT_CONVERSION = YES_AGGRESSIVE;
				CLANG_CXX_LANGUAGE_STANDARD = "gnu++14";
				CLANG_CXX_LIBRARY = "libc++";
				CLANG_ENABLE_MODULES = YES;
				CLANG_ENABLE_OBJC_ARC = YES;
				CLANG_ENABLE_OBJC_WEAK = YES;
				CLANG_WARN_BLOCK_CAPTURE_AUTORELEASING = YES;
				CLANG_WARN_BOOL_CONVERSION = YES;
				CLANG_WARN_COMMA = YES;
				CLANG_WARN_CONSTANT_CONVERSION = YES;
				CLANG_WARN_DEPRECATED_OBJC_IMPLEMENTATIONS = YES;
				CLANG_WARN_DIRECT_OBJC_ISA_USAGE = YES_ERROR;
				CLANG_WARN_DOCUMENTATION_COMMENTS = YES;
				CLANG_WARN_EMPTY_BODY = YES;
				CLANG_WARN_ENUM_CONVERSION = YES;
				CLANG_WARN_INFINITE_RECURSION = YES;
				CLANG_WARN_INT_CONVERSION = YES;
				CLANG_WARN_NON_LITERAL_NULL_CONVERSION = YES;
				CLANG_WARN_OBJC_IMPLICIT_RETAIN_SELF = YES;
				CLANG_WARN_OBJC_LITERAL_CONVERSION = YES;
				CLANG_WARN_OBJC_ROOT_CLASS = YES_ERROR;
				CLANG_WARN_RANGE_LOOP_ANALYSIS = YES;
				CLANG_WARN_STRICT_PROTOTYPES = YES;
				CLANG_WARN_SUSPICIOUS_MOVE = YES;
				CLANG_WARN_UNGUARDED_AVAILABILITY = YES_AGGRESSIVE;
				CLANG_WARN_UNREACHABLE_CODE = YES;
				CLANG_WARN__DUPLICATE_METHOD_MATCH = YES;
				COPY_PHASE_STRIP = NO;
				DEBUG_INFORMATION_FORMAT = dwarf;
				ENABLE_STRICT_OBJC_MSGSEND = YES;
				ENABLE_TESTABILITY = YES;
				GCC_C_LANGUAGE_STANDARD = gnu11;
				GCC_DYNAMIC_NO_PIC = NO;
				GCC_NO_COMMON_BLOCKS = YES;
				GCC_OPTIMIZATION_LEVEL = 0;
				GCC_PREPROCESSOR_DEFINITIONS = (
					"DEBUG=1",
					"$(inherited)",
				);
				GCC_WARN_64_TO_32_BIT_CONVERSION = YES;
				GCC_WARN_ABOUT_RETURN_TYPE = YES_ERROR;
				GCC_WARN_UNDECLARED_SELECTOR = YES;
				GCC_WARN_UNINITIALIZED_AUTOS = YES_AGGRESSIVE;
				GCC_WARN_UNUSED_FUNCTION = YES;
				GCC_WARN_UNUSED_VARIABLE = YES;
				IPHONEOS_DEPLOYMENT_TARGET = 13.2;
				MTL_ENABLE_DEBUG_INFO = INCLUDE_SOURCE;
				MTL_FAST_MATH = YES;
				ONLY_ACTIVE_ARCH = YES;
				SDKROOT = iphoneos;
				SWIFT_ACTIVE_COMPILATION_CONDITIONS = DEBUG;
				SWIFT_OPTIMIZATION_LEVEL = "-Onone";
			};
			name = Debug;
		};
		C761F7C9248F7CBE00F7BA46 /* Release */ = {
			isa = XCBuildConfiguration;
			buildSettings = {
				ALWAYS_SEARCH_USER_PATHS = NO;
				CLANG_ANALYZER_NONNULL = YES;
				CLANG_ANALYZER_NUMBER_OBJECT_CONVERSION = YES_AGGRESSIVE;
				CLANG_CXX_LANGUAGE_STANDARD = "gnu++14";
				CLANG_CXX_LIBRARY = "libc++";
				CLANG_ENABLE_MODULES = YES;
				CLANG_ENABLE_OBJC_ARC = YES;
				CLANG_ENABLE_OBJC_WEAK = YES;
				CLANG_WARN_BLOCK_CAPTURE_AUTORELEASING = YES;
				CLANG_WARN_BOOL_CONVERSION = YES;
				CLANG_WARN_COMMA = YES;
				CLANG_WARN_CONSTANT_CONVERSION = YES;
				CLANG_WARN_DEPRECATED_OBJC_IMPLEMENTATIONS = YES;
				CLANG_WARN_DIRECT_OBJC_ISA_USAGE = YES_ERROR;
				CLANG_WARN_DOCUMENTATION_COMMENTS = YES;
				CLANG_WARN_EMPTY_BODY = YES;
				CLANG_WARN_ENUM_CONVERSION = YES;
				CLANG_WARN_INFINITE_RECURSION = YES;
				CLANG_WARN_INT_CONVERSION = YES;
				CLANG_WARN_NON_LITERAL_NULL_CONVERSION = YES;
				CLANG_WARN_OBJC_IMPLICIT_RETAIN_SELF = YES;
				CLANG_WARN_OBJC_LITERAL_CONVERSION = YES;
				CLANG_WARN_OBJC_ROOT_CLASS = YES_ERROR;
				CLANG_WARN_RANGE_LOOP_ANALYSIS = YES;
				CLANG_WARN_STRICT_PROTOTYPES = YES;
				CLANG_WARN_SUSPICIOUS_MOVE = YES;
				CLANG_WARN_UNGUARDED_AVAILABILITY = YES_AGGRESSIVE;
				CLANG_WARN_UNREACHABLE_CODE = YES;
				CLANG_WARN__DUPLICATE_METHOD_MATCH = YES;
				COPY_PHASE_STRIP = NO;
				DEBUG_INFORMATION_FORMAT = "dwarf-with-dsym";
				ENABLE_NS_ASSERTIONS = NO;
				ENABLE_STRICT_OBJC_MSGSEND = YES;
				GCC_C_LANGUAGE_STANDARD = gnu11;
				GCC_NO_COMMON_BLOCKS = YES;
				GCC_WARN_64_TO_32_BIT_CONVERSION = YES;
				GCC_WARN_ABOUT_RETURN_TYPE = YES_ERROR;
				GCC_WARN_UNDECLARED_SELECTOR = YES;
				GCC_WARN_UNINITIALIZED_AUTOS = YES_AGGRESSIVE;
				GCC_WARN_UNUSED_FUNCTION = YES;
				GCC_WARN_UNUSED_VARIABLE = YES;
				IPHONEOS_DEPLOYMENT_TARGET = 13.2;
				MTL_ENABLE_DEBUG_INFO = NO;
				MTL_FAST_MATH = YES;
				SDKROOT = iphoneos;
				SWIFT_COMPILATION_MODE = wholemodule;
				SWIFT_OPTIMIZATION_LEVEL = "-O";
				VALIDATE_PRODUCT = YES;
			};
			name = Release;
		};
		C761F7CB248F7CBE00F7BA46 /* Debug */ = {
			isa = XCBuildConfiguration;
			buildSettings = {
				ASSETCATALOG_COMPILER_APPICON_NAME = AppIcon;
				CODE_SIGN_STYLE = Automatic;
				INFOPLIST_FILE = "Guitar Legend/Info.plist";
				LD_RUNPATH_SEARCH_PATHS = (
					"$(inherited)",
					"@executable_path/Frameworks",
				);
				PRODUCT_BUNDLE_IDENTIFIER = "com.sarelmicha.Guitar-Legend";
				PRODUCT_NAME = "$(TARGET_NAME)";
				SWIFT_VERSION = 5.0;
				TARGETED_DEVICE_FAMILY = "1,2";
			};
			name = Debug;
		};
		C761F7CC248F7CBE00F7BA46 /* Release */ = {
			isa = XCBuildConfiguration;
			buildSettings = {
				ASSETCATALOG_COMPILER_APPICON_NAME = AppIcon;
				CODE_SIGN_STYLE = Automatic;
				INFOPLIST_FILE = "Guitar Legend/Info.plist";
				LD_RUNPATH_SEARCH_PATHS = (
					"$(inherited)",
					"@executable_path/Frameworks",
				);
				PRODUCT_BUNDLE_IDENTIFIER = "com.sarelmicha.Guitar-Legend";
				PRODUCT_NAME = "$(TARGET_NAME)";
				SWIFT_VERSION = 5.0;
				TARGETED_DEVICE_FAMILY = "1,2";
			};
			name = Release;
		};
/* End XCBuildConfiguration section */

/* Begin XCConfigurationList section */
		C761F7B1248F7CBC00F7BA46 /* Build configuration list for PBXProject "Guitar Legend" */ = {
			isa = XCConfigurationList;
			buildConfigurations = (
				C761F7C8248F7CBE00F7BA46 /* Debug */,
				C761F7C9248F7CBE00F7BA46 /* Release */,
			);
			defaultConfigurationIsVisible = 0;
			defaultConfigurationName = Release;
		};
		C761F7CA248F7CBE00F7BA46 /* Build configuration list for PBXNativeTarget "Guitar Legend" */ = {
			isa = XCConfigurationList;
			buildConfigurations = (
				C761F7CB248F7CBE00F7BA46 /* Debug */,
				C761F7CC248F7CBE00F7BA46 /* Release */,
			);
			defaultConfigurationIsVisible = 0;
			defaultConfigurationName = Release;
		};
/* End XCConfigurationList section */
	};
	rootObject = C761F7AE248F7CBC00F7BA46 /* Project object */;
}
